github.com/bootpay/backend-go v2.0.3+incompatible h1:GeESMODDDJHVmt++EuwGOR6vKw0XaWYmsAu7MrfN12s=
github.com/bootpay/backend-go v2.0.3+incompatible/go.mod h1:Hjp9NntAMVXVj9ofjgV2207UqUt5EJpau8BaeN7pXKc=
github.com/bootpay/backend-go/v2 v2.0.6 h1:BN9GTPr+GfsaWqZ6aTYq1hfdhe1qxJvPjRpkC173tsE=
github.com/bootpay/backend-go/v2 v2.0.6/go.mod h1:LAaaaR0bDTR+QJ/kXZdl3z2I6pfYg46AroEK0ZVezt4=
github.com/bootpay/backend-go/v2 v2.0.7 h1:VEWmXLLX9lsyzcDIxd6EGalQFtywbQCbGL6Rq2DA8zM=
github.com/bootpay/backend-go/v2 v2.0.7/go.mod h1:LAaaaR0bDTR+QJ/kXZdl3z2I6pfYg46AroEK0ZVezt4=
